// !$*UTF8*$!
{
	archiveVersion = 1;
	classes = {
	};
	objectVersion = 55;
	objects = {

/* Begin PBXBuildFile section */
		14191155F007851E90BEA79E /* Pods_Migrator.framework in Frameworks */ = {isa = PBXBuildFile; fileRef = BC83FAD2438F78EABE26C5E1 /* Pods_Migrator.framework */; };
		970AC6E72734004000BA73B3 /* DocumentController.swift in Sources */ = {isa = PBXBuildFile; fileRef = 970AC6E62734004000BA73B3 /* DocumentController.swift */; };
		9722D8C2273346FB00B5F559 /* AppDelegate.swift in Sources */ = {isa = PBXBuildFile; fileRef = 9722D8C1273346FB00B5F559 /* AppDelegate.swift */; };
		9722D8C4273346FB00B5F559 /* ViewController.swift in Sources */ = {isa = PBXBuildFile; fileRef = 9722D8C3273346FB00B5F559 /* ViewController.swift */; };
		9722D8C6273346FD00B5F559 /* Assets.xcassets in Resources */ = {isa = PBXBuildFile; fileRef = 9722D8C5273346FD00B5F559 /* Assets.xcassets */; };
		9722D8C9273346FD00B5F559 /* Main.storyboard in Resources */ = {isa = PBXBuildFile; fileRef = 9722D8C7273346FD00B5F559 /* Main.storyboard */; };
		9741F5E927334E15004894DF /* StatusCell.swift in Sources */ = {isa = PBXBuildFile; fileRef = 9741F5E827334E15004894DF /* StatusCell.swift */; };
		9741F5EB27334E81004894DF /* PathStatus.swift in Sources */ = {isa = PBXBuildFile; fileRef = 9741F5EA27334E81004894DF /* PathStatus.swift */; };
		9741F5ED27334FB5004894DF /* Sitemap.swift in Sources */ = {isa = PBXBuildFile; fileRef = 9741F5EC27334FB5004894DF /* Sitemap.swift */; };
		9741F5F0273350F7004894DF /* URL+SY.swift in Sources */ = {isa = PBXBuildFile; fileRef = 9741F5EF273350F6004894DF /* URL+SY.swift */; };
		9741F5F2273359AB004894DF /* PathCell.swift in Sources */ = {isa = PBXBuildFile; fileRef = 9741F5F1273359AB004894DF /* PathCell.swift */; };
		9741F5F427335ABF004894DF /* AppError.swift in Sources */ = {isa = PBXBuildFile; fileRef = 9741F5F327335ABF004894DF /* AppError.swift */; };
		9741F5F627335C51004894DF /* StatusController.swift in Sources */ = {isa = PBXBuildFile; fileRef = 9741F5F527335C51004894DF /* StatusController.swift */; };
/* End PBXBuildFile section */

/* Begin PBXFileReference section */
		0E834BFEFBB66962215CBE9A /* Pods-Migrator.release.xcconfig */ = {isa = PBXFileReference; includeInIndex = 1; lastKnownFileType = text.xcconfig; name = "Pods-Migrator.release.xcconfig"; path = "Target Support Files/Pods-Migrator/Pods-Migrator.release.xcconfig"; sourceTree = "<group>"; };
		61A6AAA2B092E3400F820EE7 /* Pods-Migrator.debug.xcconfig */ = {isa = PBXFileReference; includeInIndex = 1; lastKnownFileType = text.xcconfig; name = "Pods-Migrator.debug.xcconfig"; path = "Target Support Files/Pods-Migrator/Pods-Migrator.debug.xcconfig"; sourceTree = "<group>"; };
		970AC6E62734004000BA73B3 /* DocumentController.swift */ = {isa = PBXFileReference; lastKnownFileType = sourcecode.swift; path = DocumentController.swift; sourceTree = "<group>"; };
		971290962733FBFB008CC12F /* Info.plist */ = {isa = PBXFileReference; lastKnownFileType = text.plist; path = Info.plist; sourceTree = "<group>"; };
		9722D8BE273346FB00B5F559 /* Migrator.app */ = {isa = PBXFileReference; explicitFileType = wrapper.application; includeInIndex = 0; path = Migrator.app; sourceTree = BUILT_PRODUCTS_DIR; };
		9722D8C1273346FB00B5F559 /* AppDelegate.swift */ = {isa = PBXFileReference; lastKnownFileType = sourcecode.swift; path = AppDelegate.swift; sourceTree = "<group>"; };
		9722D8C3273346FB00B5F559 /* ViewController.swift */ = {isa = PBXFileReference; lastKnownFileType = sourcecode.swift; path = ViewController.swift; sourceTree = "<group>"; };
		9722D8C5273346FD00B5F559 /* Assets.xcassets */ = {isa = PBXFileReference; lastKnownFileType = folder.assetcatalog; path = Assets.xcassets; sourceTree = "<group>"; };
		9722D8C8273346FD00B5F559 /* Base */ = {isa = PBXFileReference; lastKnownFileType = file.storyboard; name = Base; path = Base.lproj/Main.storyboard; sourceTree = "<group>"; };
		9722D8CA273346FD00B5F559 /* Migrator.entitlements */ = {isa = PBXFileReference; lastKnownFileType = text.plist.entitlements; path = Migrator.entitlements; sourceTree = "<group>"; };
		9741F5E827334E15004894DF /* StatusCell.swift */ = {isa = PBXFileReference; lastKnownFileType = sourcecode.swift; path = StatusCell.swift; sourceTree = "<group>"; };
		9741F5EA27334E81004894DF /* PathStatus.swift */ = {isa = PBXFileReference; lastKnownFileType = sourcecode.swift; path = PathStatus.swift; sourceTree = "<group>"; };
		9741F5EC27334FB5004894DF /* Sitemap.swift */ = {isa = PBXFileReference; lastKnownFileType = sourcecode.swift; path = Sitemap.swift; sourceTree = "<group>"; };
		9741F5EF273350F6004894DF /* URL+SY.swift */ = {isa = PBXFileReference; lastKnownFileType = sourcecode.swift; path = "URL+SY.swift"; sourceTree = "<group>"; };
		9741F5F1273359AB004894DF /* PathCell.swift */ = {isa = PBXFileReference; lastKnownFileType = sourcecode.swift; path = PathCell.swift; sourceTree = "<group>"; };
		9741F5F327335ABF004894DF /* AppError.swift */ = {isa = PBXFileReference; lastKnownFileType = sourcecode.swift; path = AppError.swift; sourceTree = "<group>"; };
		9741F5F527335C51004894DF /* StatusController.swift */ = {isa = PBXFileReference; lastKnownFileType = sourcecode.swift; path = StatusController.swift; sourceTree = "<group>"; };
		BC83FAD2438F78EABE26C5E1 /* Pods_Migrator.framework */ = {isa = PBXFileReference; explicitFileType = wrapper.framework; includeInIndex = 0; path = Pods_Migrator.framework; sourceTree = BUILT_PRODUCTS_DIR; };
/* End PBXFileReference section */

/* Begin PBXFrameworksBuildPhase section */
		9722D8BB273346FB00B5F559 /* Frameworks */ = {
			isa = PBXFrameworksBuildPhase;
			buildActionMask = 2147483647;
			files = (
				14191155F007851E90BEA79E /* Pods_Migrator.framework in Frameworks */,
			);
			runOnlyForDeploymentPostprocessing = 0;
		};
/* End PBXFrameworksBuildPhase section */

/* Begin PBXGroup section */
		1885B8E802F7FD2688001C6E /* Pods */ = {
			isa = PBXGroup;
			children = (
				61A6AAA2B092E3400F820EE7 /* Pods-Migrator.debug.xcconfig */,
				0E834BFEFBB66962215CBE9A /* Pods-Migrator.release.xcconfig */,
			);
			path = Pods;
			sourceTree = "<group>";
		};
		29FF25B4AB4BE5AC392D93E0 /* Frameworks */ = {
			isa = PBXGroup;
			children = (
				BC83FAD2438F78EABE26C5E1 /* Pods_Migrator.framework */,
			);
			name = Frameworks;
			sourceTree = "<group>";
		};
		9722D8B5273346FB00B5F559 = {
			isa = PBXGroup;
			children = (
				9722D8C0273346FB00B5F559 /* Migrator */,
				9722D8BF273346FB00B5F559 /* Products */,
				1885B8E802F7FD2688001C6E /* Pods */,
				29FF25B4AB4BE5AC392D93E0 /* Frameworks */,
			);
			sourceTree = "<group>";
		};
		9722D8BF273346FB00B5F559 /* Products */ = {
			isa = PBXGroup;
			children = (
				9722D8BE273346FB00B5F559 /* Migrator.app */,
			);
			name = Products;
			sourceTree = "<group>";
		};
		9722D8C0273346FB00B5F559 /* Migrator */ = {
			isa = PBXGroup;
			children = (
				971290962733FBFB008CC12F /* Info.plist */,
				9741F5EE273350EC004894DF /* Extensions */,
				9741F5E727334C85004894DF /* Controllers */,
				9741F5E627334C7C004894DF /* Models */,
				9741F5E527334C76004894DF /* Views */,
				9741F5E427334C66004894DF /* ViewControllers */,
				9722D8C1273346FB00B5F559 /* AppDelegate.swift */,
				9722D8C5273346FD00B5F559 /* Assets.xcassets */,
				9722D8C7273346FD00B5F559 /* Main.storyboard */,
				9722D8CA273346FD00B5F559 /* Migrator.entitlements */,
			);
			path = Migrator;
			sourceTree = "<group>";
		};
		9741F5E427334C66004894DF /* ViewControllers */ = {
			isa = PBXGroup;
			children = (
				9722D8C3273346FB00B5F559 /* ViewController.swift */,
			);
			path = ViewControllers;
			sourceTree = "<group>";
		};
		9741F5E527334C76004894DF /* Views */ = {
			isa = PBXGroup;
			children = (
				9741F5E827334E15004894DF /* StatusCell.swift */,
				9741F5F1273359AB004894DF /* PathCell.swift */,
			);
			path = Views;
			sourceTree = "<group>";
		};
		9741F5E627334C7C004894DF /* Models */ = {
			isa = PBXGroup;
			children = (
				9741F5F327335ABF004894DF /* AppError.swift */,
				9741F5EA27334E81004894DF /* PathStatus.swift */,
				9741F5EC27334FB5004894DF /* Sitemap.swift */,
			);
			path = Models;
			sourceTree = "<group>";
		};
		9741F5E727334C85004894DF /* Controllers */ = {
			isa = PBXGroup;
			children = (
				970AC6E62734004000BA73B3 /* DocumentController.swift */,
				9741F5F527335C51004894DF /* StatusController.swift */,
			);
			path = Controllers;
			sourceTree = "<group>";
		};
		9741F5EE273350EC004894DF /* Extensions */ = {
			isa = PBXGroup;
			children = (
				9741F5EF273350F6004894DF /* URL+SY.swift */,
			);
			path = Extensions;
			sourceTree = "<group>";
		};
/* End PBXGroup section */

/* Begin PBXNativeTarget section */
		9722D8BD273346FB00B5F559 /* Migrator */ = {
			isa = PBXNativeTarget;
			buildConfigurationList = 9722D8CD273346FD00B5F559 /* Build configuration list for PBXNativeTarget "Migrator" */;
			buildPhases = (
				C43D72249C47587DF63EBD47 /* [CP] Check Pods Manifest.lock */,
				9722D8BA273346FB00B5F559 /* Sources */,
				9722D8BB273346FB00B5F559 /* Frameworks */,
				9722D8BC273346FB00B5F559 /* Resources */,
				290E588425513EC6CF0FF427 /* [CP] Embed Pods Frameworks */,
			);
			buildRules = (
			);
			dependencies = (
			);
			name = Migrator;
			productName = Migrator;
			productReference = 9722D8BE273346FB00B5F559 /* Migrator.app */;
			productType = "com.apple.product-type.application";
		};
/* End PBXNativeTarget section */

/* Begin PBXProject section */
		9722D8B6273346FB00B5F559 /* Project object */ = {
			isa = PBXProject;
			attributes = {
				BuildIndependentTargetsInParallel = 1;
				LastSwiftUpdateCheck = 1310;
				LastUpgradeCheck = 1310;
				TargetAttributes = {
					9722D8BD273346FB00B5F559 = {
						CreatedOnToolsVersion = 13.1;
					};
				};
			};
			buildConfigurationList = 9722D8B9273346FB00B5F559 /* Build configuration list for PBXProject "Migrator" */;
			compatibilityVersion = "Xcode 13.0";
			developmentRegion = en;
			hasScannedForEncodings = 0;
			knownRegions = (
				en,
				Base,
			);
			mainGroup = 9722D8B5273346FB00B5F559;
			productRefGroup = 9722D8BF273346FB00B5F559 /* Products */;
			projectDirPath = "";
			projectRoot = "";
			targets = (
				9722D8BD273346FB00B5F559 /* Migrator */,
			);
		};
/* End PBXProject section */

/* Begin PBXResourcesBuildPhase section */
		9722D8BC273346FB00B5F559 /* Resources */ = {
			isa = PBXResourcesBuildPhase;
			buildActionMask = 2147483647;
			files = (
				9722D8C6273346FD00B5F559 /* Assets.xcassets in Resources */,
				9722D8C9273346FD00B5F559 /* Main.storyboard in Resources */,
			);
			runOnlyForDeploymentPostprocessing = 0;
		};
/* End PBXResourcesBuildPhase section */

/* Begin PBXShellScriptBuildPhase section */
		290E588425513EC6CF0FF427 /* [CP] Embed Pods Frameworks */ = {
			isa = PBXShellScriptBuildPhase;
			buildActionMask = 2147483647;
			files = (
			);
			inputFileListPaths = (
				"${PODS_ROOT}/Target Support Files/Pods-Migrator/Pods-Migrator-frameworks-${CONFIGURATION}-input-files.xcfilelist",
			);
			name = "[CP] Embed Pods Frameworks";
			outputFileListPaths = (
				"${PODS_ROOT}/Target Support Files/Pods-Migrator/Pods-Migrator-frameworks-${CONFIGURATION}-output-files.xcfilelist",
			);
			runOnlyForDeploymentPostprocessing = 0;
			shellPath = /bin/sh;
			shellScript = "\"${PODS_ROOT}/Target Support Files/Pods-Migrator/Pods-Migrator-frameworks.sh\"\n";
			showEnvVarsInLog = 0;
		};
		C43D72249C47587DF63EBD47 /* [CP] Check Pods Manifest.lock */ = {
			isa = PBXShellScriptBuildPhase;
			buildActionMask = 2147483647;
			files = (
			);
			inputFileListPaths = (
			);
			inputPaths = (
				"${PODS_PODFILE_DIR_PATH}/Podfile.lock",
				"${PODS_ROOT}/Manifest.lock",
			);
			name = "[CP] Check Pods Manifest.lock";
			outputFileListPaths = (
			);
			outputPaths = (
				"$(DERIVED_FILE_DIR)/Pods-Migrator-checkManifestLockResult.txt",
			);
			runOnlyForDeploymentPostprocessing = 0;
			shellPath = /bin/sh;
			shellScript = "diff \"${PODS_PODFILE_DIR_PATH}/Podfile.lock\" \"${PODS_ROOT}/Manifest.lock\" > /dev/null\nif [ $? != 0 ] ; then\n    # print error to STDERR\n    echo \"error: The sandbox is not in sync with the Podfile.lock. Run 'pod install' or update your CocoaPods installation.\" >&2\n    exit 1\nfi\n# This output is used by Xcode 'outputs' to avoid re-running this script phase.\necho \"SUCCESS\" > \"${SCRIPT_OUTPUT_FILE_0}\"\n";
			showEnvVarsInLog = 0;
		};
/* End PBXShellScriptBuildPhase section */

/* Begin PBXSourcesBuildPhase section */
		9722D8BA273346FB00B5F559 /* Sources */ = {
			isa = PBXSourcesBuildPhase;
			buildActionMask = 2147483647;
			files = (
				9741F5EB27334E81004894DF /* PathStatus.swift in Sources */,
				9741F5F2273359AB004894DF /* PathCell.swift in Sources */,
				9741F5ED27334FB5004894DF /* Sitemap.swift in Sources */,
				9722D8C4273346FB00B5F559 /* ViewController.swift in Sources */,
				9741F5F427335ABF004894DF /* AppError.swift in Sources */,
				9741F5F0273350F7004894DF /* URL+SY.swift in Sources */,
				9722D8C2273346FB00B5F559 /* AppDelegate.swift in Sources */,
				9741F5F627335C51004894DF /* StatusController.swift in Sources */,
				970AC6E72734004000BA73B3 /* DocumentController.swift in Sources */,
				9741F5E927334E15004894DF /* StatusCell.swift in Sources */,
			);
			runOnlyForDeploymentPostprocessing = 0;
		};
/* End PBXSourcesBuildPhase section */

/* Begin PBXVariantGroup section */
		9722D8C7273346FD00B5F559 /* Main.storyboard */ = {
			isa = PBXVariantGroup;
			children = (
				9722D8C8273346FD00B5F559 /* Base */,
			);
			name = Main.storyboard;
			sourceTree = "<group>";
		};
/* End PBXVariantGroup section */

/* Begin XCBuildConfiguration section */
		9722D8CB273346FD00B5F559 /* Debug */ = {
			isa = XCBuildConfiguration;
			buildSettings = {
				ALWAYS_SEARCH_USER_PATHS = NO;
				CLANG_ANALYZER_NONNULL = YES;
				CLANG_ANALYZER_NUMBER_OBJECT_CONVERSION = YES_AGGRESSIVE;
				CLANG_CXX_LANGUAGE_STANDARD = "gnu++17";
				CLANG_CXX_LIBRARY = "libc++";
				CLANG_ENABLE_MODULES = YES;
				CLANG_ENABLE_OBJC_ARC = YES;
				CLANG_ENABLE_OBJC_WEAK = YES;
				CLANG_WARN_BLOCK_CAPTURE_AUTORELEASING = YES;
				CLANG_WARN_BOOL_CONVERSION = YES;
				CLANG_WARN_COMMA = YES;
				CLANG_WARN_CONSTANT_CONVERSION = YES;
				CLANG_WARN_DEPRECATED_OBJC_IMPLEMENTATIONS = YES;
				CLANG_WARN_DIRECT_OBJC_ISA_USAGE = YES_ERROR;
				CLANG_WARN_DOCUMENTATION_COMMENTS = YES;
				CLANG_WARN_EMPTY_BODY = YES;
				CLANG_WARN_ENUM_CONVERSION = YES;
				CLANG_WARN_INFINITE_RECURSION = YES;
				CLANG_WARN_INT_CONVERSION = YES;
				CLANG_WARN_NON_LITERAL_NULL_CONVERSION = YES;
				CLANG_WARN_OBJC_IMPLICIT_RETAIN_SELF = YES;
				CLANG_WARN_OBJC_LITERAL_CONVERSION = YES;
				CLANG_WARN_OBJC_ROOT_CLASS = YES_ERROR;
				CLANG_WARN_QUOTED_INCLUDE_IN_FRAMEWORK_HEADER = YES;
				CLANG_WARN_RANGE_LOOP_ANALYSIS = YES;
				CLANG_WARN_STRICT_PROTOTYPES = YES;
				CLANG_WARN_SUSPICIOUS_MOVE = YES;
				CLANG_WARN_UNGUARDED_AVAILABILITY = YES_AGGRESSIVE;
				CLANG_WARN_UNREACHABLE_CODE = YES;
				CLANG_WARN__DUPLICATE_METHOD_MATCH = YES;
				COPY_PHASE_STRIP = NO;
				DEBUG_INFORMATION_FORMAT = dwarf;
				ENABLE_STRICT_OBJC_MSGSEND = YES;
				ENABLE_TESTABILITY = YES;
				GCC_C_LANGUAGE_STANDARD = gnu11;
				GCC_DYNAMIC_NO_PIC = NO;
				GCC_NO_COMMON_BLOCKS = YES;
				GCC_OPTIMIZATION_LEVEL = 0;
				GCC_PREPROCESSOR_DEFINITIONS = (
					"DEBUG=1",
					"$(inherited)",
				);
				GCC_WARN_64_TO_32_BIT_CONVERSION = YES;
				GCC_WARN_ABOUT_RETURN_TYPE = YES_ERROR;
				GCC_WARN_UNDECLARED_SELECTOR = YES;
				GCC_WARN_UNINITIALIZED_AUTOS = YES_AGGRESSIVE;
				GCC_WARN_UNUSED_FUNCTION = YES;
				GCC_WARN_UNUSED_VARIABLE = YES;
				MACOSX_DEPLOYMENT_TARGET = 10.13;
				MTL_ENABLE_DEBUG_INFO = INCLUDE_SOURCE;
				MTL_FAST_MATH = YES;
				ONLY_ACTIVE_ARCH = YES;
				SDKROOT = macosx;
				SWIFT_ACTIVE_COMPILATION_CONDITIONS = DEBUG;
				SWIFT_OPTIMIZATION_LEVEL = "-Onone";
			};
			name = Debug;
		};
		9722D8CC273346FD00B5F559 /* Release */ = {
			isa = XCBuildConfiguration;
			buildSettings = {
				ALWAYS_SEARCH_USER_PATHS = NO;
				CLANG_ANALYZER_NONNULL = YES;
				CLANG_ANALYZER_NUMBER_OBJECT_CONVERSION = YES_AGGRESSIVE;
				CLANG_CXX_LANGUAGE_STANDARD = "gnu++17";
				CLANG_CXX_LIBRARY = "libc++";
				CLANG_ENABLE_MODULES = YES;
				CLANG_ENABLE_OBJC_ARC = YES;
				CLANG_ENABLE_OBJC_WEAK = YES;
				CLANG_WARN_BLOCK_CAPTURE_AUTORELEASING = YES;
				CLANG_WARN_BOOL_CONVERSION = YES;
				CLANG_WARN_COMMA = YES;
				CLANG_WARN_CONSTANT_CONVERSION = YES;
				CLANG_WARN_DEPRECATED_OBJC_IMPLEMENTATIONS = YES;
				CLANG_WARN_DIRECT_OBJC_ISA_USAGE = YES_ERROR;
				CLANG_WARN_DOCUMENTATION_COMMENTS = YES;
				CLANG_WARN_EMPTY_BODY = YES;
				CLANG_WARN_ENUM_CONVERSION = YES;
				CLANG_WARN_INFINITE_RECURSION = YES;
				CLANG_WARN_INT_CONVERSION = YES;
				CLANG_WARN_NON_LITERAL_NULL_CONVERSION = YES;
				CLANG_WARN_OBJC_IMPLICIT_RETAIN_SELF = YES;
				CLANG_WARN_OBJC_LITERAL_CONVERSION = YES;
				CLANG_WARN_OBJC_ROOT_CLASS = YES_ERROR;
				CLANG_WARN_QUOTED_INCLUDE_IN_FRAMEWORK_HEADER = YES;
				CLANG_WARN_RANGE_LOOP_ANALYSIS = YES;
				CLANG_WARN_STRICT_PROTOTYPES = YES;
				CLANG_WARN_SUSPICIOUS_MOVE = YES;
				CLANG_WARN_UNGUARDED_AVAILABILITY = YES_AGGRESSIVE;
				CLANG_WARN_UNREACHABLE_CODE = YES;
				CLANG_WARN__DUPLICATE_METHOD_MATCH = YES;
				COPY_PHASE_STRIP = NO;
				DEBUG_INFORMATION_FORMAT = "dwarf-with-dsym";
				ENABLE_NS_ASSERTIONS = NO;
				ENABLE_STRICT_OBJC_MSGSEND = YES;
				GCC_C_LANGUAGE_STANDARD = gnu11;
				GCC_NO_COMMON_BLOCKS = YES;
				GCC_WARN_64_TO_32_BIT_CONVERSION = YES;
				GCC_WARN_ABOUT_RETURN_TYPE = YES_ERROR;
				GCC_WARN_UNDECLARED_SELECTOR = YES;
				GCC_WARN_UNINITIALIZED_AUTOS = YES_AGGRESSIVE;
				GCC_WARN_UNUSED_FUNCTION = YES;
				GCC_WARN_UNUSED_VARIABLE = YES;
				MACOSX_DEPLOYMENT_TARGET = 10.13;
				MTL_ENABLE_DEBUG_INFO = NO;
				MTL_FAST_MATH = YES;
				SDKROOT = macosx;
				SWIFT_COMPILATION_MODE = wholemodule;
				SWIFT_OPTIMIZATION_LEVEL = "-O";
			};
			name = Release;
		};
		9722D8CE273346FD00B5F559 /* Debug */ = {
			isa = XCBuildConfiguration;
			baseConfigurationReference = 61A6AAA2B092E3400F820EE7 /* Pods-Migrator.debug.xcconfig */;
			buildSettings = {
				ASSETCATALOG_COMPILER_APPICON_NAME = AppIcon;
				ASSETCATALOG_COMPILER_GLOBAL_ACCENT_COLOR_NAME = AccentColor;
				CODE_SIGN_ENTITLEMENTS = Migrator/Migrator.entitlements;
				CODE_SIGN_IDENTITY = "Apple Development";
				CODE_SIGN_STYLE = Automatic;
				COMBINE_HIDPI_IMAGES = YES;
				CURRENT_PROJECT_VERSION = 1;
				DEVELOPMENT_TEAM = 79RY8264V4;
				ENABLE_HARDENED_RUNTIME = YES;
				GENERATE_INFOPLIST_FILE = YES;
				INFOPLIST_FILE = Migrator/Info.plist;
				INFOPLIST_KEY_LSApplicationCategoryType = "public.app-category.developer-tools";
				INFOPLIST_KEY_NSHumanReadableCopyright = "";
				INFOPLIST_KEY_NSMainStoryboardFile = Main;
				INFOPLIST_KEY_NSPrincipalClass = NSApplication;
				LD_RUNPATH_SEARCH_PATHS = (
					"$(inherited)",
					"@executable_path/../Frameworks",
				);
				MARKETING_VERSION = 1.0;
				PRODUCT_BUNDLE_IDENTIFIER = me.syan.Migrator;
				PRODUCT_NAME = "$(TARGET_NAME)";
				SWIFT_EMIT_LOC_STRINGS = YES;
				SWIFT_VERSION = 5.0;
			};
			name = Debug;
		};
		9722D8CF273346FD00B5F559 /* Release */ = {
			isa = XCBuildConfiguration;
			baseConfigurationReference = 0E834BFEFBB66962215CBE9A /* Pods-Migrator.release.xcconfig */;
			buildSettings = {
				ASSETCATALOG_COMPILER_APPICON_NAME = AppIcon;
				ASSETCATALOG_COMPILER_GLOBAL_ACCENT_COLOR_NAME = AccentColor;
				CODE_SIGN_ENTITLEMENTS = Migrator/Migrator.entitlements;
				CODE_SIGN_IDENTITY = "Apple Development";
				CODE_SIGN_STYLE = Automatic;
				COMBINE_HIDPI_IMAGES = YES;
				CURRENT_PROJECT_VERSION = 1;
				DEVELOPMENT_TEAM = 79RY8264V4;
				ENABLE_HARDENED_RUNTIME = YES;
				GENERATE_INFOPLIST_FILE = YES;
				INFOPLIST_FILE = Migrator/Info.plist;
				INFOPLIST_KEY_LSApplicationCategoryType = "public.app-category.developer-tools";
				INFOPLIST_KEY_NSHumanReadableCopyright = "";
				INFOPLIST_KEY_NSMainStoryboardFile = Main;
				INFOPLIST_KEY_NSPrincipalClass = NSApplication;
				LD_RUNPATH_SEARCH_PATHS = (
					"$(inherited)",
					"@executable_path/../Frameworks",
				);
				MARKETING_VERSION = 1.0;
				PRODUCT_BUNDLE_IDENTIFIER = me.syan.Migrator;
				PRODUCT_NAME = "$(TARGET_NAME)";
				SWIFT_EMIT_LOC_STRINGS = YES;
				SWIFT_VERSION = 5.0;
			};
			name = Release;
		};
/* End XCBuildConfiguration section */

/* Begin XCConfigurationList section */
		9722D8B9273346FB00B5F559 /* Build configuration list for PBXProject "Migrator" */ = {
			isa = XCConfigurationList;
			buildConfigurations = (
				9722D8CB273346FD00B5F559 /* Debug */,
				9722D8CC273346FD00B5F559 /* Release */,
			);
			defaultConfigurationIsVisible = 0;
			defaultConfigurationName = Release;
		};
		9722D8CD273346FD00B5F559 /* Build configuration list for PBXNativeTarget "Migrator" */ = {
			isa = XCConfigurationList;
			buildConfigurations = (
				9722D8CE273346FD00B5F559 /* Debug */,
				9722D8CF273346FD00B5F559 /* Release */,
			);
			defaultConfigurationIsVisible = 0;
			defaultConfigurationName = Release;
		};
/* End XCConfigurationList section */
	};
	rootObject = 9722D8B6273346FB00B5F559 /* Project object */;
}
